
Microsoft Visual Studio Solution File, Format Version 12.00
# Visual Studio Version 16
VisualStudioVersion = 16.0.30330.147
MinimumVisualStudioVersion = 10.0.40219.1
Project("{FAE04EC0-301F-11D3-BF4B-00C04F79EFBC}") = "CodingChallenges", "CodingChallenges.csproj", "{32D72DD8-95A4-4FA0-A79E-A441C4F9E60A}"
EndProject
Global
	GlobalSection(SolutionConfigurationPlatforms) = preSolution
		Debug|Any CPU = Debug|Any CPU
		Release|Any CPU = Release|Any CPU
	EndGlobalSection
	GlobalSection(ProjectConfigurationPlatforms) = postSolution
		{32D72DD8-95A4-4FA0-A79E-A441C4F9E60A}.Debug|Any CPU.ActiveCfg = Debug|Any CPU
		{32D72DD8-95A4-4FA0-A79E-A441C4F9E60A}.Debug|Any CPU.Build.0 = Debug|Any CPU
		{32D72DD8-95A4-4FA0-A79E-A441C4F9E60A}.Release|Any CPU.ActiveCfg = Release|Any CPU
		{32D72DD8-95A4-4FA0-A79E-A441C4F9E60A}.Release|Any CPU.Build.0 = Release|Any CPU
	EndGlobalSection
	GlobalSection(SolutionProperties) = preSolution
		HideSolutionNode = FALSE
	EndGlobalSection
	GlobalSection(ExtensibilityGlobals) = postSolution
		SolutionGuid = {312F0C34-9062-4C18-901B-4A3CA2757C51}
	EndGlobalSection
EndGlobal
